
Microsoft Visual Studio Solution File, Format Version 12.00
Project("{FAE04EC0-301F-11D3-BF4B-00C04F79EFBC}") = "mini-library", "mini-library.csproj", "{5A9C809B-342B-4ADA-B25C-9F28F6629097}"
EndProject
Global
	GlobalSection(SolutionConfigurationPlatforms) = preSolution
		Debug|Any CPU = Debug|Any CPU
		Release|Any CPU = Release|Any CPU
	EndGlobalSection
	GlobalSection(ProjectConfigurationPlatforms) = postSolution
		{5A9C809B-342B-4ADA-B25C-9F28F6629097}.Debug|Any CPU.ActiveCfg = Debug|Any CPU
		{5A9C809B-342B-4ADA-B25C-9F28F6629097}.Debug|Any CPU.Build.0 = Debug|Any CPU
		{5A9C809B-342B-4ADA-B25C-9F28F6629097}.Release|Any CPU.ActiveCfg = Release|Any CPU
		{5A9C809B-342B-4ADA-B25C-9F28F6629097}.Release|Any CPU.Build.0 = Release|Any CPU
	EndGlobalSection
EndGlobal
